
Microsoft Visual Studio Solution File, Format Version 12.00
# Visual Studio Version 16
VisualStudioVersion = 16.0.30503.244
MinimumVisualStudioVersion = 10.0.40219.1
Project("{FAE04EC0-301F-11D3-BF4B-00C04F79EFBC}") = "C_Sharp_PC_PWM_3PHASE", "C_Sharp_PC_PWM_3PHASE.csproj", "{D90E9086-720F-4275-9BFF-B6DD43C452C7}"
EndProject
Global
	GlobalSection(SolutionConfigurationPlatforms) = preSolution
		Debug|Any CPU = Debug|Any CPU
		Release|Any CPU = Release|Any CPU
	EndGlobalSection
	GlobalSection(ProjectConfigurationPlatforms) = postSolution
		{D90E9086-720F-4275-9BFF-B6DD43C452C7}.Debug|Any CPU.ActiveCfg = Debug|Any CPU
		{D90E9086-720F-4275-9BFF-B6DD43C452C7}.Debug|Any CPU.Build.0 = Debug|Any CPU
		{D90E9086-720F-4275-9BFF-B6DD43C452C7}.Release|Any CPU.ActiveCfg = Release|Any CPU
		{D90E9086-720F-4275-9BFF-B6DD43C452C7}.Release|Any CPU.Build.0 = Release|Any CPU
	EndGlobalSection
	GlobalSection(SolutionProperties) = preSolution
		HideSolutionNode = FALSE
	EndGlobalSection
	GlobalSection(ExtensibilityGlobals) = postSolution
		SolutionGuid = {3E90B576-46B5-45BD-B8FB-3D8EEF76DBA3}
	EndGlobalSection
EndGlobal
